
Microsoft Visual Studio Solution File, Format Version 12.00
# Visual Studio 2013
VisualStudioVersion = 12.0.31101.0
MinimumVisualStudioVersion = 10.0.40219.1
Project("{FAE04EC0-301F-11D3-BF4B-00C04F79EFBC}") = "TDDDemo2", "TDDDemo2\TDDDemo2.csproj", "{24B157E9-51AA-4B97-B1BC-B64977917149}"
EndProject
Project("{FAE04EC0-301F-11D3-BF4B-00C04F79EFBC}") = "TDDDemo2Test", "PersonTest\TDDDemo2Test.csproj", "{6BBD190E-1DEF-46EE-8064-ED1E3CA5885A}"
EndProject
Global
	GlobalSection(SolutionConfigurationPlatforms) = preSolution
		Debug|Any CPU = Debug|Any CPU
		Release|Any CPU = Release|Any CPU
	EndGlobalSection
	GlobalSection(ProjectConfigurationPlatforms) = postSolution
		{24B157E9-51AA-4B97-B1BC-B64977917149}.Debug|Any CPU.ActiveCfg = Debug|Any CPU
		{24B157E9-51AA-4B97-B1BC-B64977917149}.Debug|Any CPU.Build.0 = Debug|Any CPU
		{24B157E9-51AA-4B97-B1BC-B64977917149}.Release|Any CPU.ActiveCfg = Release|Any CPU
		{24B157E9-51AA-4B97-B1BC-B64977917149}.Release|Any CPU.Build.0 = Release|Any CPU
		{6BBD190E-1DEF-46EE-8064-ED1E3CA5885A}.Debug|Any CPU.ActiveCfg = Debug|Any CPU
		{6BBD190E-1DEF-46EE-8064-ED1E3CA5885A}.Debug|Any CPU.Build.0 = Debug|Any CPU
		{6BBD190E-1DEF-46EE-8064-ED1E3CA5885A}.Release|Any CPU.ActiveCfg = Release|Any CPU
		{6BBD190E-1DEF-46EE-8064-ED1E3CA5885A}.Release|Any CPU.Build.0 = Release|Any CPU
	EndGlobalSection
	GlobalSection(SolutionProperties) = preSolution
		HideSolutionNode = FALSE
	EndGlobalSection
EndGlobal
